
Microsoft Visual Studio Solution File, Format Version 12.00
# Visual Studio Version 16
VisualStudioVersion = 16.0.28822.285
MinimumVisualStudioVersion = 10.0.40219.1
Project("{FAE04EC0-301F-11D3-BF4B-00C04F79EFBC}") = "VoxSlicerCore", "VoxSlicerCore\VoxSlicerCore.csproj", "{D7941860-9A84-4F12-B1AC-4AC5080651F9}"
EndProject
Global
	GlobalSection(SolutionConfigurationPlatforms) = preSolution
		Debug|Any CPU = Debug|Any CPU
		Release|Any CPU = Release|Any CPU
	EndGlobalSection
	GlobalSection(ProjectConfigurationPlatforms) = postSolution
		{D7941860-9A84-4F12-B1AC-4AC5080651F9}.Debug|Any CPU.ActiveCfg = Debug|Any CPU
		{D7941860-9A84-4F12-B1AC-4AC5080651F9}.Debug|Any CPU.Build.0 = Debug|Any CPU
		{D7941860-9A84-4F12-B1AC-4AC5080651F9}.Release|Any CPU.ActiveCfg = Release|Any CPU
		{D7941860-9A84-4F12-B1AC-4AC5080651F9}.Release|Any CPU.Build.0 = Release|Any CPU
	EndGlobalSection
	GlobalSection(SolutionProperties) = preSolution
		HideSolutionNode = FALSE
	EndGlobalSection
	GlobalSection(ExtensibilityGlobals) = postSolution
		SolutionGuid = {F9A94362-D4E1-4CC5-A79A-252C2B0C41CE}
	EndGlobalSection
EndGlobal
